schema: '2.0'
stages:
  train_model:
    cmd: python src/train_model.py
    deps:
    - path: data/processed/train.csv
      hash: md5
      md5: 8896b5323df206424d9961bd44fed032
      size: 782108
    - path: src/train_model.py
      hash: md5
      md5: 0d11f731e0a33161309c72ee1d948a59
      size: 1994
    outs:
    - path: models/random_forest.pkl
      hash: md5
      md5: edae5137e289693c5a5a4d090964fd28
      size: 530425
